
Microsoft Visual Studio Solution File, Format Version 12.00
# Visual Studio 2013
VisualStudioVersion = 12.0.30501.0
MinimumVisualStudioVersion = 10.0.40219.1
Project("{FAE04EC0-301F-11D3-BF4B-00C04F79EFBC}") = "KNMFin", "KNMFin\KNMFin.csproj", "{AC556036-674C-4FEC-B0C3-F1DBDD502AD7}"
EndProject
Project("{FAE04EC0-301F-11D3-BF4B-00C04F79EFBC}") = "DebugTest", "DebugTest\DebugTest.csproj", "{58B6FAD3-D904-477F-BFAC-09549EF81430}"
EndProject
Project("{FAE04EC0-301F-11D3-BF4B-00C04F79EFBC}") = "DemoUI", "DemoUI\DemoUI.csproj", "{18D7D9F3-39DC-4457-AD59-9387E56CC855}"
EndProject
Project("{2150E333-8FDC-42A3-9474-1A3956D46DE8}") = "Solution Items", "Solution Items", "{A4899E50-FAE8-44A1-8384-03F966EFE039}"
	ProjectSection(SolutionItems) = preProject
		README.txt = README.txt
	EndProjectSection
EndProject
Project("{FAE04EC0-301F-11D3-BF4B-00C04F79EFBC}") = "KNMFinUI", "KNMFinUI\KNMFinUI.csproj", "{57A4AA2F-B358-4D72-AB88-D954A5F5598C}"
EndProject
Project("{FAE04EC0-301F-11D3-BF4B-00C04F79EFBC}") = "KNMFinExcel", "KNMFinExcel\KNMFinExcel.csproj", "{D7154F59-34F0-4027-9305-40A5842F6880}"
EndProject
Global
	GlobalSection(SolutionConfigurationPlatforms) = preSolution
		Debug|Any CPU = Debug|Any CPU
		Release|Any CPU = Release|Any CPU
	EndGlobalSection
	GlobalSection(ProjectConfigurationPlatforms) = postSolution
		{AC556036-674C-4FEC-B0C3-F1DBDD502AD7}.Debug|Any CPU.ActiveCfg = Debug|Any CPU
		{AC556036-674C-4FEC-B0C3-F1DBDD502AD7}.Debug|Any CPU.Build.0 = Debug|Any CPU
		{AC556036-674C-4FEC-B0C3-F1DBDD502AD7}.Release|Any CPU.ActiveCfg = Release|Any CPU
		{AC556036-674C-4FEC-B0C3-F1DBDD502AD7}.Release|Any CPU.Build.0 = Release|Any CPU
		{58B6FAD3-D904-477F-BFAC-09549EF81430}.Debug|Any CPU.ActiveCfg = Debug|Any CPU
		{58B6FAD3-D904-477F-BFAC-09549EF81430}.Debug|Any CPU.Build.0 = Debug|Any CPU
		{58B6FAD3-D904-477F-BFAC-09549EF81430}.Release|Any CPU.ActiveCfg = Release|Any CPU
		{58B6FAD3-D904-477F-BFAC-09549EF81430}.Release|Any CPU.Build.0 = Release|Any CPU
		{18D7D9F3-39DC-4457-AD59-9387E56CC855}.Debug|Any CPU.ActiveCfg = Debug|Any CPU
		{18D7D9F3-39DC-4457-AD59-9387E56CC855}.Debug|Any CPU.Build.0 = Debug|Any CPU
		{18D7D9F3-39DC-4457-AD59-9387E56CC855}.Release|Any CPU.ActiveCfg = Release|Any CPU
		{18D7D9F3-39DC-4457-AD59-9387E56CC855}.Release|Any CPU.Build.0 = Release|Any CPU
		{57A4AA2F-B358-4D72-AB88-D954A5F5598C}.Debug|Any CPU.ActiveCfg = Debug|Any CPU
		{57A4AA2F-B358-4D72-AB88-D954A5F5598C}.Debug|Any CPU.Build.0 = Debug|Any CPU
		{57A4AA2F-B358-4D72-AB88-D954A5F5598C}.Release|Any CPU.ActiveCfg = Release|Any CPU
		{57A4AA2F-B358-4D72-AB88-D954A5F5598C}.Release|Any CPU.Build.0 = Release|Any CPU
		{D7154F59-34F0-4027-9305-40A5842F6880}.Debug|Any CPU.ActiveCfg = Debug|Any CPU
		{D7154F59-34F0-4027-9305-40A5842F6880}.Debug|Any CPU.Build.0 = Debug|Any CPU
		{D7154F59-34F0-4027-9305-40A5842F6880}.Release|Any CPU.ActiveCfg = Release|Any CPU
		{D7154F59-34F0-4027-9305-40A5842F6880}.Release|Any CPU.Build.0 = Release|Any CPU
	EndGlobalSection
	GlobalSection(SolutionProperties) = preSolution
		HideSolutionNode = FALSE
	EndGlobalSection
EndGlobal
