
Microsoft Visual Studio Solution File, Format Version 12.00
# Visual Studio 2013
VisualStudioVersion = 12.0.30501.0
MinimumVisualStudioVersion = 10.0.40219.1
Project("{FAE04EC0-301F-11D3-BF4B-00C04F79EFBC}") = "LookupTickers", "LookupTickers\LookupTickers.csproj", "{5B598AB8-E86C-498C-816B-1FA447BF4590}"
EndProject
Project("{2150E333-8FDC-42A3-9474-1A3956D46DE8}") = "Solution Items", "Solution Items", "{E9068C1D-F728-4859-BCF6-19F0A06DD15B}"
EndProject
Global
	GlobalSection(SolutionConfigurationPlatforms) = preSolution
		Debug|Any CPU = Debug|Any CPU
		Release|Any CPU = Release|Any CPU
	EndGlobalSection
	GlobalSection(ProjectConfigurationPlatforms) = postSolution
		{5B598AB8-E86C-498C-816B-1FA447BF4590}.Debug|Any CPU.ActiveCfg = Debug|Any CPU
		{5B598AB8-E86C-498C-816B-1FA447BF4590}.Debug|Any CPU.Build.0 = Debug|Any CPU
		{5B598AB8-E86C-498C-816B-1FA447BF4590}.Release|Any CPU.ActiveCfg = Release|Any CPU
		{5B598AB8-E86C-498C-816B-1FA447BF4590}.Release|Any CPU.Build.0 = Release|Any CPU
	EndGlobalSection
	GlobalSection(SolutionProperties) = preSolution
		HideSolutionNode = FALSE
	EndGlobalSection
EndGlobal
